
Microsoft Visual Studio Solution File, Format Version 12.00
# Visual Studio Version 17
VisualStudioVersion = 17.5.002.0
MinimumVisualStudioVersion = 10.0.40219.1
Project("{2150E333-8FDC-42A3-9474-1A3956D46DE8}") = "sandbox", "sandbox", "{C0696B10-DA84-4201-BC80-C20499C6AB75}"
EndProject
Project("{9A19103F-16F7-4668-BE54-9A1E7A4F7556}") = "sandbox_project", "sandbox\sandbox_project\sandbox_project.csproj", "{9AFC1FCD-0B2C-4DB0-80C4-26667ACF46CE}"
EndProject
Project("{2150E333-8FDC-42A3-9474-1A3956D46DE8}") = "week01", "week01", "{4B34E987-FD9C-43A2-89DB-175290A06664}"
EndProject
Project("{9A19103F-16F7-4668-BE54-9A1E7A4F7556}") = "analyze", "week01\analyze\analyze.csproj", "{9F35A7FC-6B73-4C71-8DF6-7CD60260E111}"
EndProject
Project("{9A19103F-16F7-4668-BE54-9A1E7A4F7556}") = "code", "week01\code\code.csproj", "{B799E199-D0E2-45E6-9F78-6E9BC25EB308}"
EndProject
Project("{9A19103F-16F7-4668-BE54-9A1E7A4F7556}") = "teach", "week01\teach\teach.csproj", "{98E22E9D-4927-4232-A5D4-0B5F8C6C5A3D}"
EndProject
Project("{2150E333-8FDC-42A3-9474-1A3956D46DE8}") = "week02", "week02", "{3154B2D4-096D-4B9C-A881-35E93C880167}"
EndProject
Project("{9A19103F-16F7-4668-BE54-9A1E7A4F7556}") = "analyze", "week02\analyze\analyze.csproj", "{21396297-76CA-4038-A038-3677267776D4}"
EndProject
Project("{9A19103F-16F7-4668-BE54-9A1E7A4F7556}") = "code", "week02\code\code.csproj", "{59F2060B-3B17-4E7C-B894-DDB94233B526}"
EndProject
Project("{9A19103F-16F7-4668-BE54-9A1E7A4F7556}") = "learn", "week02\learn\learn.csproj", "{B8C00F31-6599-4B95-A872-33D2CEF24AA3}"
EndProject
Project("{9A19103F-16F7-4668-BE54-9A1E7A4F7556}") = "teach", "week02\teach\teach.csproj", "{A0195618-FEAE-4EF7-83AF-BECA718275F9}"
EndProject
Project("{2150E333-8FDC-42A3-9474-1A3956D46DE8}") = "week03", "week03", "{80B4E129-E640-4036-AB36-D21ED3CA679F}"
EndProject
Project("{9A19103F-16F7-4668-BE54-9A1E7A4F7556}") = "code", "week03\code\code.csproj", "{09BFA671-9BF6-4CA3-A692-31CBA302617F}"
EndProject
Project("{9A19103F-16F7-4668-BE54-9A1E7A4F7556}") = "learn", "week03\learn\learn.csproj", "{DCE90860-7DC3-445B-9954-F0B6EAB3EF1F}"
EndProject
Project("{9A19103F-16F7-4668-BE54-9A1E7A4F7556}") = "teach", "week03\teach\teach.csproj", "{6BC5258A-1297-49F8-9F6E-A3590B6F3C6E}"
EndProject
Project("{2150E333-8FDC-42A3-9474-1A3956D46DE8}") = "week04", "week04", "{796EFC7A-7CC7-4323-9671-75B9383DC289}"
EndProject
Project("{9A19103F-16F7-4668-BE54-9A1E7A4F7556}") = "code", "week04\code\code.csproj", "{9457E636-EBF6-4756-B494-B6FF029F9717}"
EndProject
Project("{2150E333-8FDC-42A3-9474-1A3956D46DE8}") = "week05", "week05", "{9B633D13-0F5B-4E40-A103-7764D7225681}"
EndProject
Project("{9A19103F-16F7-4668-BE54-9A1E7A4F7556}") = "code", "week05\code\code.csproj", "{0B6C411A-3574-4E5B-B16A-626251B54DD5}"
EndProject
Project("{2150E333-8FDC-42A3-9474-1A3956D46DE8}") = "week06", "week06", "{52B80FB8-4E89-4829-96DC-5FD567EB7926}"
EndProject
Project("{9A19103F-16F7-4668-BE54-9A1E7A4F7556}") = "code", "week06\code\code.csproj", "{D287DCE4-4DF6-4156-BF78-B51A924D95D9}"
EndProject
Global
	GlobalSection(SolutionConfigurationPlatforms) = preSolution
		Debug|Any CPU = Debug|Any CPU
		Release|Any CPU = Release|Any CPU
	EndGlobalSection
	GlobalSection(ProjectConfigurationPlatforms) = postSolution
		{9AFC1FCD-0B2C-4DB0-80C4-26667ACF46CE}.Debug|Any CPU.ActiveCfg = Debug|Any CPU
		{9AFC1FCD-0B2C-4DB0-80C4-26667ACF46CE}.Debug|Any CPU.Build.0 = Debug|Any CPU
		{9AFC1FCD-0B2C-4DB0-80C4-26667ACF46CE}.Release|Any CPU.ActiveCfg = Release|Any CPU
		{9AFC1FCD-0B2C-4DB0-80C4-26667ACF46CE}.Release|Any CPU.Build.0 = Release|Any CPU
		{9F35A7FC-6B73-4C71-8DF6-7CD60260E111}.Debug|Any CPU.ActiveCfg = Debug|Any CPU
		{9F35A7FC-6B73-4C71-8DF6-7CD60260E111}.Debug|Any CPU.Build.0 = Debug|Any CPU
		{9F35A7FC-6B73-4C71-8DF6-7CD60260E111}.Release|Any CPU.ActiveCfg = Release|Any CPU
		{9F35A7FC-6B73-4C71-8DF6-7CD60260E111}.Release|Any CPU.Build.0 = Release|Any CPU
		{B799E199-D0E2-45E6-9F78-6E9BC25EB308}.Debug|Any CPU.ActiveCfg = Debug|Any CPU
		{B799E199-D0E2-45E6-9F78-6E9BC25EB308}.Debug|Any CPU.Build.0 = Debug|Any CPU
		{B799E199-D0E2-45E6-9F78-6E9BC25EB308}.Release|Any CPU.ActiveCfg = Release|Any CPU
		{B799E199-D0E2-45E6-9F78-6E9BC25EB308}.Release|Any CPU.Build.0 = Release|Any CPU
		{98E22E9D-4927-4232-A5D4-0B5F8C6C5A3D}.Debug|Any CPU.ActiveCfg = Debug|Any CPU
		{98E22E9D-4927-4232-A5D4-0B5F8C6C5A3D}.Debug|Any CPU.Build.0 = Debug|Any CPU
		{98E22E9D-4927-4232-A5D4-0B5F8C6C5A3D}.Release|Any CPU.ActiveCfg = Release|Any CPU
		{98E22E9D-4927-4232-A5D4-0B5F8C6C5A3D}.Release|Any CPU.Build.0 = Release|Any CPU
		{21396297-76CA-4038-A038-3677267776D4}.Debug|Any CPU.ActiveCfg = Debug|Any CPU
		{21396297-76CA-4038-A038-3677267776D4}.Debug|Any CPU.Build.0 = Debug|Any CPU
		{21396297-76CA-4038-A038-3677267776D4}.Release|Any CPU.ActiveCfg = Release|Any CPU
		{21396297-76CA-4038-A038-3677267776D4}.Release|Any CPU.Build.0 = Release|Any CPU
		{59F2060B-3B17-4E7C-B894-DDB94233B526}.Debug|Any CPU.ActiveCfg = Debug|Any CPU
		{59F2060B-3B17-4E7C-B894-DDB94233B526}.Debug|Any CPU.Build.0 = Debug|Any CPU
		{59F2060B-3B17-4E7C-B894-DDB94233B526}.Release|Any CPU.ActiveCfg = Release|Any CPU
		{59F2060B-3B17-4E7C-B894-DDB94233B526}.Release|Any CPU.Build.0 = Release|Any CPU
		{B8C00F31-6599-4B95-A872-33D2CEF24AA3}.Debug|Any CPU.ActiveCfg = Debug|Any CPU
		{B8C00F31-6599-4B95-A872-33D2CEF24AA3}.Debug|Any CPU.Build.0 = Debug|Any CPU
		{B8C00F31-6599-4B95-A872-33D2CEF24AA3}.Release|Any CPU.ActiveCfg = Release|Any CPU
		{B8C00F31-6599-4B95-A872-33D2CEF24AA3}.Release|Any CPU.Build.0 = Release|Any CPU
		{A0195618-FEAE-4EF7-83AF-BECA718275F9}.Debug|Any CPU.ActiveCfg = Debug|Any CPU
		{A0195618-FEAE-4EF7-83AF-BECA718275F9}.Debug|Any CPU.Build.0 = Debug|Any CPU
		{A0195618-FEAE-4EF7-83AF-BECA718275F9}.Release|Any CPU.ActiveCfg = Release|Any CPU
		{A0195618-FEAE-4EF7-83AF-BECA718275F9}.Release|Any CPU.Build.0 = Release|Any CPU
		{09BFA671-9BF6-4CA3-A692-31CBA302617F}.Debug|Any CPU.ActiveCfg = Debug|Any CPU
		{09BFA671-9BF6-4CA3-A692-31CBA302617F}.Debug|Any CPU.Build.0 = Debug|Any CPU
		{09BFA671-9BF6-4CA3-A692-31CBA302617F}.Release|Any CPU.ActiveCfg = Release|Any CPU
		{09BFA671-9BF6-4CA3-A692-31CBA302617F}.Release|Any CPU.Build.0 = Release|Any CPU
		{DCE90860-7DC3-445B-9954-F0B6EAB3EF1F}.Debug|Any CPU.ActiveCfg = Debug|Any CPU
		{DCE90860-7DC3-445B-9954-F0B6EAB3EF1F}.Debug|Any CPU.Build.0 = Debug|Any CPU
		{DCE90860-7DC3-445B-9954-F0B6EAB3EF1F}.Release|Any CPU.ActiveCfg = Release|Any CPU
		{DCE90860-7DC3-445B-9954-F0B6EAB3EF1F}.Release|Any CPU.Build.0 = Release|Any CPU
		{6BC5258A-1297-49F8-9F6E-A3590B6F3C6E}.Debug|Any CPU.ActiveCfg = Debug|Any CPU
		{6BC5258A-1297-49F8-9F6E-A3590B6F3C6E}.Debug|Any CPU.Build.0 = Debug|Any CPU
		{6BC5258A-1297-49F8-9F6E-A3590B6F3C6E}.Release|Any CPU.ActiveCfg = Release|Any CPU
		{6BC5258A-1297-49F8-9F6E-A3590B6F3C6E}.Release|Any CPU.Build.0 = Release|Any CPU
		{9457E636-EBF6-4756-B494-B6FF029F9717}.Debug|Any CPU.ActiveCfg = Debug|Any CPU
		{9457E636-EBF6-4756-B494-B6FF029F9717}.Debug|Any CPU.Build.0 = Debug|Any CPU
		{9457E636-EBF6-4756-B494-B6FF029F9717}.Release|Any CPU.ActiveCfg = Release|Any CPU
		{9457E636-EBF6-4756-B494-B6FF029F9717}.Release|Any CPU.Build.0 = Release|Any CPU
		{0B6C411A-3574-4E5B-B16A-626251B54DD5}.Debug|Any CPU.ActiveCfg = Debug|Any CPU
		{0B6C411A-3574-4E5B-B16A-626251B54DD5}.Debug|Any CPU.Build.0 = Debug|Any CPU
		{0B6C411A-3574-4E5B-B16A-626251B54DD5}.Release|Any CPU.ActiveCfg = Release|Any CPU
		{0B6C411A-3574-4E5B-B16A-626251B54DD5}.Release|Any CPU.Build.0 = Release|Any CPU
		{D287DCE4-4DF6-4156-BF78-B51A924D95D9}.Debug|Any CPU.ActiveCfg = Debug|Any CPU
		{D287DCE4-4DF6-4156-BF78-B51A924D95D9}.Debug|Any CPU.Build.0 = Debug|Any CPU
		{D287DCE4-4DF6-4156-BF78-B51A924D95D9}.Release|Any CPU.ActiveCfg = Release|Any CPU
		{D287DCE4-4DF6-4156-BF78-B51A924D95D9}.Release|Any CPU.Build.0 = Release|Any CPU
	EndGlobalSection
	GlobalSection(SolutionProperties) = preSolution
		HideSolutionNode = FALSE
	EndGlobalSection
	GlobalSection(NestedProjects) = preSolution
		{9AFC1FCD-0B2C-4DB0-80C4-26667ACF46CE} = {C0696B10-DA84-4201-BC80-C20499C6AB75}
		{9F35A7FC-6B73-4C71-8DF6-7CD60260E111} = {4B34E987-FD9C-43A2-89DB-175290A06664}
		{B799E199-D0E2-45E6-9F78-6E9BC25EB308} = {4B34E987-FD9C-43A2-89DB-175290A06664}
		{98E22E9D-4927-4232-A5D4-0B5F8C6C5A3D} = {4B34E987-FD9C-43A2-89DB-175290A06664}
		{21396297-76CA-4038-A038-3677267776D4} = {3154B2D4-096D-4B9C-A881-35E93C880167}
		{59F2060B-3B17-4E7C-B894-DDB94233B526} = {3154B2D4-096D-4B9C-A881-35E93C880167}
		{B8C00F31-6599-4B95-A872-33D2CEF24AA3} = {3154B2D4-096D-4B9C-A881-35E93C880167}
		{A0195618-FEAE-4EF7-83AF-BECA718275F9} = {3154B2D4-096D-4B9C-A881-35E93C880167}
		{09BFA671-9BF6-4CA3-A692-31CBA302617F} = {80B4E129-E640-4036-AB36-D21ED3CA679F}
		{DCE90860-7DC3-445B-9954-F0B6EAB3EF1F} = {80B4E129-E640-4036-AB36-D21ED3CA679F}
		{6BC5258A-1297-49F8-9F6E-A3590B6F3C6E} = {80B4E129-E640-4036-AB36-D21ED3CA679F}
		{9457E636-EBF6-4756-B494-B6FF029F9717} = {796EFC7A-7CC7-4323-9671-75B9383DC289}
		{0B6C411A-3574-4E5B-B16A-626251B54DD5} = {9B633D13-0F5B-4E40-A103-7764D7225681}
		{D287DCE4-4DF6-4156-BF78-B51A924D95D9} = {52B80FB8-4E89-4829-96DC-5FD567EB7926}
	EndGlobalSection
	GlobalSection(ExtensibilityGlobals) = postSolution
		SolutionGuid = {CED27DB1-449F-4BE4-9EB3-DEDEF4D6AA03}
	EndGlobalSection
EndGlobal
